
Microsoft Visual Studio Solution File, Format Version 12.00
# Visual Studio Version 16
VisualStudioVersion = 16.0.29926.136
MinimumVisualStudioVersion = 10.0.40219.1
Project("{FAE04EC0-301F-11D3-BF4B-00C04F79EFBC}") = "MultiSearch", "MultiSearch\MultiSearch.csproj", "{A5CA61E9-2808-4AE5-8072-4176092345F2}"
EndProject
Global
	GlobalSection(SolutionConfigurationPlatforms) = preSolution
		Debug|Any CPU = Debug|Any CPU
		Release|Any CPU = Release|Any CPU
	EndGlobalSection
	GlobalSection(ProjectConfigurationPlatforms) = postSolution
		{A5CA61E9-2808-4AE5-8072-4176092345F2}.Debug|Any CPU.ActiveCfg = Debug|Any CPU
		{A5CA61E9-2808-4AE5-8072-4176092345F2}.Debug|Any CPU.Build.0 = Debug|Any CPU
		{A5CA61E9-2808-4AE5-8072-4176092345F2}.Release|Any CPU.ActiveCfg = Release|Any CPU
		{A5CA61E9-2808-4AE5-8072-4176092345F2}.Release|Any CPU.Build.0 = Release|Any CPU
	EndGlobalSection
	GlobalSection(SolutionProperties) = preSolution
		HideSolutionNode = FALSE
	EndGlobalSection
	GlobalSection(ExtensibilityGlobals) = postSolution
		SolutionGuid = {BA2D368B-A052-427F-928B-3ADD25704536}
	EndGlobalSection
EndGlobal
